// !$*UTF8*$!
{
	archiveVersion = 1;
	classes = {
	};
	objectVersion = 77;
	objects = {

/* Begin PBXContainerItemProxy section */
		A196370A2CE7B8B6001F5030 /* PBXContainerItemProxy */ = {
			isa = PBXContainerItemProxy;
			containerPortal = A19636EE2CE7B8B5001F5030 /* Project object */;
			proxyType = 1;
			remoteGlobalIDString = A19636F52CE7B8B5001F5030;
			remoteInfo = toolbarView;
		};
		A19637142CE7B8B6001F5030 /* PBXContainerItemProxy */ = {
			isa = PBXContainerItemProxy;
			containerPortal = A19636EE2CE7B8B5001F5030 /* Project object */;
			proxyType = 1;
			remoteGlobalIDString = A19636F52CE7B8B5001F5030;
			remoteInfo = toolbarView;
		};
/* End PBXContainerItemProxy section */

/* Begin PBXFileReference section */
		A19636F62CE7B8B5001F5030 /* toolbarView.app */ = {isa = PBXFileReference; explicitFileType = wrapper.application; includeInIndex = 0; path = toolbarView.app; sourceTree = BUILT_PRODUCTS_DIR; };
		A19637092CE7B8B6001F5030 /* toolbarViewTests.xctest */ = {isa = PBXFileReference; explicitFileType = wrapper.cfbundle; includeInIndex = 0; path = toolbarViewTests.xctest; sourceTree = BUILT_PRODUCTS_DIR; };
		A19637132CE7B8B6001F5030 /* toolbarViewUITests.xctest */ = {isa = PBXFileReference; explicitFileType = wrapper.cfbundle; includeInIndex = 0; path = toolbarViewUITests.xctest; sourceTree = BUILT_PRODUCTS_DIR; };
/* End PBXFileReference section */

/* Begin PBXFileSystemSynchronizedRootGroup section */
		A19636F82CE7B8B5001F5030 /* toolbarView */ = {
			isa = PBXFileSystemSynchronizedRootGroup;
			path = toolbarView;
			sourceTree = "<group>";
		};
		A196370C2CE7B8B6001F5030 /* toolbarViewTests */ = {
			isa = PBXFileSystemSynchronizedRootGroup;
			path = toolbarViewTests;
			sourceTree = "<group>";
		};
		A19637162CE7B8B6001F5030 /* toolbarViewUITests */ = {
			isa = PBXFileSystemSynchronizedRootGroup;
			path = toolbarViewUITests;
			sourceTree = "<group>";
		};
/* End PBXFileSystemSynchronizedRootGroup section */

/* Begin PBXFrameworksBuildPhase section */
		A19636F32CE7B8B5001F5030 /* Frameworks */ = {
			isa = PBXFrameworksBuildPhase;
			buildActionMask = 2147483647;
			files = (
			);
			runOnlyForDeploymentPostprocessing = 0;
		};
		A19637062CE7B8B6001F5030 /* Frameworks */ = {
			isa = PBXFrameworksBuildPhase;
			buildActionMask = 2147483647;
			files = (
			);
			runOnlyForDeploymentPostprocessing = 0;
		};
		A19637102CE7B8B6001F5030 /* Frameworks */ = {
			isa = PBXFrameworksBuildPhase;
			buildActionMask = 2147483647;
			files = (
			);
			runOnlyForDeploymentPostprocessing = 0;
		};
/* End PBXFrameworksBuildPhase section */

/* Begin PBXGroup section */
		A19636ED2CE7B8B5001F5030 = {
			isa = PBXGroup;
			children = (
				A19636F82CE7B8B5001F5030 /* toolbarView */,
				A196370C2CE7B8B6001F5030 /* toolbarViewTests */,
				A19637162CE7B8B6001F5030 /* toolbarViewUITests */,
				A19636F72CE7B8B5001F5030 /* Products */,
			);
			sourceTree = "<group>";
		};
		A19636F72CE7B8B5001F5030 /* Products */ = {
			isa = PBXGroup;
			children = (
				A19636F62CE7B8B5001F5030 /* toolbarView.app */,
				A19637092CE7B8B6001F5030 /* toolbarViewTests.xctest */,
				A19637132CE7B8B6001F5030 /* toolbarViewUITests.xctest */,
			);
			name = Products;
			sourceTree = "<group>";
		};
/* End PBXGroup section */

/* Begin PBXNativeTarget section */
		A19636F52CE7B8B5001F5030 /* toolbarView */ = {
			isa = PBXNativeTarget;
			buildConfigurationList = A196371D2CE7B8B6001F5030 /* Build configuration list for PBXNativeTarget "toolbarView" */;
			buildPhases = (
				A19636F22CE7B8B5001F5030 /* Sources */,
				A19636F32CE7B8B5001F5030 /* Frameworks */,
				A19636F42CE7B8B5001F5030 /* Resources */,
			);
			buildRules = (
			);
			dependencies = (
			);
			fileSystemSynchronizedGroups = (
				A19636F82CE7B8B5001F5030 /* toolbarView */,
			);
			name = toolbarView;
			packageProductDependencies = (
			);
			productName = toolbarView;
			productReference = A19636F62CE7B8B5001F5030 /* toolbarView.app */;
			productType = "com.apple.product-type.application";
		};
		A19637082CE7B8B6001F5030 /* toolbarViewTests */ = {
			isa = PBXNativeTarget;
			buildConfigurationList = A19637202CE7B8B6001F5030 /* Build configuration list for PBXNativeTarget "toolbarViewTests" */;
			buildPhases = (
				A19637052CE7B8B6001F5030 /* Sources */,
				A19637062CE7B8B6001F5030 /* Frameworks */,
				A19637072CE7B8B6001F5030 /* Resources */,
			);
			buildRules = (
			);
			dependencies = (
				A196370B2CE7B8B6001F5030 /* PBXTargetDependency */,
			);
			fileSystemSynchronizedGroups = (
				A196370C2CE7B8B6001F5030 /* toolbarViewTests */,
			);
			name = toolbarViewTests;
			packageProductDependencies = (
			);
			productName = toolbarViewTests;
			productReference = A19637092CE7B8B6001F5030 /* toolbarViewTests.xctest */;
			productType = "com.apple.product-type.bundle.unit-test";
		};
		A19637122CE7B8B6001F5030 /* toolbarViewUITests */ = {
			isa = PBXNativeTarget;
			buildConfigurationList = A19637232CE7B8B6001F5030 /* Build configuration list for PBXNativeTarget "toolbarViewUITests" */;
			buildPhases = (
				A196370F2CE7B8B6001F5030 /* Sources */,
				A19637102CE7B8B6001F5030 /* Frameworks */,
				A19637112CE7B8B6001F5030 /* Resources */,
			);
			buildRules = (
			);
			dependencies = (
				A19637152CE7B8B6001F5030 /* PBXTargetDependency */,
			);
			fileSystemSynchronizedGroups = (
				A19637162CE7B8B6001F5030 /* toolbarViewUITests */,
			);
			name = toolbarViewUITests;
			packageProductDependencies = (
			);
			productName = toolbarViewUITests;
			productReference = A19637132CE7B8B6001F5030 /* toolbarViewUITests.xctest */;
			productType = "com.apple.product-type.bundle.ui-testing";
		};
/* End PBXNativeTarget section */

/* Begin PBXProject section */
		A19636EE2CE7B8B5001F5030 /* Project object */ = {
			isa = PBXProject;
			attributes = {
				BuildIndependentTargetsInParallel = 1;
				LastSwiftUpdateCheck = 1600;
				LastUpgradeCheck = 1600;
				TargetAttributes = {
					A19636F52CE7B8B5001F5030 = {
						CreatedOnToolsVersion = 16.0;
					};
					A19637082CE7B8B6001F5030 = {
						CreatedOnToolsVersion = 16.0;
						TestTargetID = A19636F52CE7B8B5001F5030;
					};
					A19637122CE7B8B6001F5030 = {
						CreatedOnToolsVersion = 16.0;
						TestTargetID = A19636F52CE7B8B5001F5030;
					};
				};
			};
			buildConfigurationList = A19636F12CE7B8B5001F5030 /* Build configuration list for PBXProject "toolbarView" */;
			developmentRegion = en;
			hasScannedForEncodings = 0;
			knownRegions = (
				en,
				Base,
			);
			mainGroup = A19636ED2CE7B8B5001F5030;
			minimizedProjectReferenceProxies = 1;
			preferredProjectObjectVersion = 77;
			productRefGroup = A19636F72CE7B8B5001F5030 /* Products */;
			projectDirPath = "";
			projectRoot = "";
			targets = (
				A19636F52CE7B8B5001F5030 /* toolbarView */,
				A19637082CE7B8B6001F5030 /* toolbarViewTests */,
				A19637122CE7B8B6001F5030 /* toolbarViewUITests */,
			);
		};
/* End PBXProject section */

/* Begin PBXResourcesBuildPhase section */
		A19636F42CE7B8B5001F5030 /* Resources */ = {
			isa = PBXResourcesBuildPhase;
			buildActionMask = 2147483647;
			files = (
			);
			runOnlyForDeploymentPostprocessing = 0;
		};
		A19637072CE7B8B6001F5030 /* Resources */ = {
			isa = PBXResourcesBuildPhase;
			buildActionMask = 2147483647;
			files = (
			);
			runOnlyForDeploymentPostprocessing = 0;
		};
		A19637112CE7B8B6001F5030 /* Resources */ = {
			isa = PBXResourcesBuildPhase;
			buildActionMask = 2147483647;
			files = (
			);
			runOnlyForDeploymentPostprocessing = 0;
		};
/* End PBXResourcesBuildPhase section */

/* Begin PBXSourcesBuildPhase section */
		A19636F22CE7B8B5001F5030 /* Sources */ = {
			isa = PBXSourcesBuildPhase;
			buildActionMask = 2147483647;
			files = (
			);
			runOnlyForDeploymentPostprocessing = 0;
		};
		A19637052CE7B8B6001F5030 /* Sources */ = {
			isa = PBXSourcesBuildPhase;
			buildActionMask = 2147483647;
			files = (
			);
			runOnlyForDeploymentPostprocessing = 0;
		};
		A196370F2CE7B8B6001F5030 /* Sources */ = {
			isa = PBXSourcesBuildPhase;
			buildActionMask = 2147483647;
			files = (
			);
			runOnlyForDeploymentPostprocessing = 0;
		};
/* End PBXSourcesBuildPhase section */

/* Begin PBXTargetDependency section */
		A196370B2CE7B8B6001F5030 /* PBXTargetDependency */ = {
			isa = PBXTargetDependency;
			target = A19636F52CE7B8B5001F5030 /* toolbarView */;
			targetProxy = A196370A2CE7B8B6001F5030 /* PBXContainerItemProxy */;
		};
		A19637152CE7B8B6001F5030 /* PBXTargetDependency */ = {
			isa = PBXTargetDependency;
			target = A19636F52CE7B8B5001F5030 /* toolbarView */;
			targetProxy = A19637142CE7B8B6001F5030 /* PBXContainerItemProxy */;
		};
/* End PBXTargetDependency section */

/* Begin XCBuildConfiguration section */
		A196371B2CE7B8B6001F5030 /* Debug */ = {
			isa = XCBuildConfiguration;
			buildSettings = {
				ALWAYS_SEARCH_USER_PATHS = NO;
				ASSETCATALOG_COMPILER_GENERATE_SWIFT_ASSET_SYMBOL_EXTENSIONS = YES;
				CLANG_ANALYZER_NONNULL = YES;
				CLANG_ANALYZER_NUMBER_OBJECT_CONVERSION = YES_AGGRESSIVE;
				CLANG_CXX_LANGUAGE_STANDARD = "gnu++20";
				CLANG_ENABLE_MODULES = YES;
				CLANG_ENABLE_OBJC_ARC = YES;
				CLANG_ENABLE_OBJC_WEAK = YES;
				CLANG_WARN_BLOCK_CAPTURE_AUTORELEASING = YES;
				CLANG_WARN_BOOL_CONVERSION = YES;
				CLANG_WARN_COMMA = YES;
				CLANG_WARN_CONSTANT_CONVERSION = YES;
				CLANG_WARN_DEPRECATED_OBJC_IMPLEMENTATIONS = YES;
				CLANG_WARN_DIRECT_OBJC_ISA_USAGE = YES_ERROR;
				CLANG_WARN_DOCUMENTATION_COMMENTS = YES;
				CLANG_WARN_EMPTY_BODY = YES;
				CLANG_WARN_ENUM_CONVERSION = YES;
				CLANG_WARN_INFINITE_RECURSION = YES;
				CLANG_WARN_INT_CONVERSION = YES;
				CLANG_WARN_NON_LITERAL_NULL_CONVERSION = YES;
				CLANG_WARN_OBJC_IMPLICIT_RETAIN_SELF = YES;
				CLANG_WARN_OBJC_LITERAL_CONVERSION = YES;
				CLANG_WARN_OBJC_ROOT_CLASS = YES_ERROR;
				CLANG_WARN_QUOTED_INCLUDE_IN_FRAMEWORK_HEADER = YES;
				CLANG_WARN_RANGE_LOOP_ANALYSIS = YES;
				CLANG_WARN_STRICT_PROTOTYPES = YES;
				CLANG_WARN_SUSPICIOUS_MOVE = YES;
				CLANG_WARN_UNGUARDED_AVAILABILITY = YES_AGGRESSIVE;
				CLANG_WARN_UNREACHABLE_CODE = YES;
				CLANG_WARN__DUPLICATE_METHOD_MATCH = YES;
				COPY_PHASE_STRIP = NO;
				DEBUG_INFORMATION_FORMAT = dwarf;
				ENABLE_STRICT_OBJC_MSGSEND = YES;
				ENABLE_TESTABILITY = YES;
				ENABLE_USER_SCRIPT_SANDBOXING = YES;
				GCC_C_LANGUAGE_STANDARD = gnu17;
				GCC_DYNAMIC_NO_PIC = NO;
				GCC_NO_COMMON_BLOCKS = YES;
				GCC_OPTIMIZATION_LEVEL = 0;
				GCC_PREPROCESSOR_DEFINITIONS = (
					"DEBUG=1",
					"$(inherited)",
				);
				GCC_WARN_64_TO_32_BIT_CONVERSION = YES;
				GCC_WARN_ABOUT_RETURN_TYPE = YES_ERROR;
				GCC_WARN_UNDECLARED_SELECTOR = YES;
				GCC_WARN_UNINITIALIZED_AUTOS = YES_AGGRESSIVE;
				GCC_WARN_UNUSED_FUNCTION = YES;
				GCC_WARN_UNUSED_VARIABLE = YES;
				LOCALIZATION_PREFERS_STRING_CATALOGS = YES;
				MACOSX_DEPLOYMENT_TARGET = 15.0;
				MTL_ENABLE_DEBUG_INFO = INCLUDE_SOURCE;
				MTL_FAST_MATH = YES;
				ONLY_ACTIVE_ARCH = YES;
				SDKROOT = macosx;
				SWIFT_ACTIVE_COMPILATION_CONDITIONS = "DEBUG $(inherited)";
				SWIFT_OPTIMIZATION_LEVEL = "-Onone";
			};
			name = Debug;
		};
		A196371C2CE7B8B6001F5030 /* Release */ = {
			isa = XCBuildConfiguration;
			buildSettings = {
				ALWAYS_SEARCH_USER_PATHS = NO;
				ASSETCATALOG_COMPILER_GENERATE_SWIFT_ASSET_SYMBOL_EXTENSIONS = YES;
				CLANG_ANALYZER_NONNULL = YES;
				CLANG_ANALYZER_NUMBER_OBJECT_CONVERSION = YES_AGGRESSIVE;
				CLANG_CXX_LANGUAGE_STANDARD = "gnu++20";
				CLANG_ENABLE_MODULES = YES;
				CLANG_ENABLE_OBJC_ARC = YES;
				CLANG_ENABLE_OBJC_WEAK = YES;
				CLANG_WARN_BLOCK_CAPTURE_AUTORELEASING = YES;
				CLANG_WARN_BOOL_CONVERSION = YES;
				CLANG_WARN_COMMA = YES;
				CLANG_WARN_CONSTANT_CONVERSION = YES;
				CLANG_WARN_DEPRECATED_OBJC_IMPLEMENTATIONS = YES;
				CLANG_WARN_DIRECT_OBJC_ISA_USAGE = YES_ERROR;
				CLANG_WARN_DOCUMENTATION_COMMENTS = YES;
				CLANG_WARN_EMPTY_BODY = YES;
				CLANG_WARN_ENUM_CONVERSION = YES;
				CLANG_WARN_INFINITE_RECURSION = YES;
				CLANG_WARN_INT_CONVERSION = YES;
				CLANG_WARN_NON_LITERAL_NULL_CONVERSION = YES;
				CLANG_WARN_OBJC_IMPLICIT_RETAIN_SELF = YES;
				CLANG_WARN_OBJC_LITERAL_CONVERSION = YES;
				CLANG_WARN_OBJC_ROOT_CLASS = YES_ERROR;
				CLANG_WARN_QUOTED_INCLUDE_IN_FRAMEWORK_HEADER = YES;
				CLANG_WARN_RANGE_LOOP_ANALYSIS = YES;
				CLANG_WARN_STRICT_PROTOTYPES = YES;
				CLANG_WARN_SUSPICIOUS_MOVE = YES;
				CLANG_WARN_UNGUARDED_AVAILABILITY = YES_AGGRESSIVE;
				CLANG_WARN_UNREACHABLE_CODE = YES;
				CLANG_WARN__DUPLICATE_METHOD_MATCH = YES;
				COPY_PHASE_STRIP = NO;
				DEBUG_INFORMATION_FORMAT = "dwarf-with-dsym";
				ENABLE_NS_ASSERTIONS = NO;
				ENABLE_STRICT_OBJC_MSGSEND = YES;
				ENABLE_USER_SCRIPT_SANDBOXING = YES;
				GCC_C_LANGUAGE_STANDARD = gnu17;
				GCC_NO_COMMON_BLOCKS = YES;
				GCC_WARN_64_TO_32_BIT_CONVERSION = YES;
				GCC_WARN_ABOUT_RETURN_TYPE = YES_ERROR;
				GCC_WARN_UNDECLARED_SELECTOR = YES;
				GCC_WARN_UNINITIALIZED_AUTOS = YES_AGGRESSIVE;
				GCC_WARN_UNUSED_FUNCTION = YES;
				GCC_WARN_UNUSED_VARIABLE = YES;
				LOCALIZATION_PREFERS_STRING_CATALOGS = YES;
				MACOSX_DEPLOYMENT_TARGET = 15.0;
				MTL_ENABLE_DEBUG_INFO = NO;
				MTL_FAST_MATH = YES;
				SDKROOT = macosx;
				SWIFT_COMPILATION_MODE = wholemodule;
			};
			name = Release;
		};
		A196371E2CE7B8B6001F5030 /* Debug */ = {
			isa = XCBuildConfiguration;
			buildSettings = {
				ASSETCATALOG_COMPILER_APPICON_NAME = AppIcon;
				ASSETCATALOG_COMPILER_GLOBAL_ACCENT_COLOR_NAME = AccentColor;
				CODE_SIGN_ENTITLEMENTS = toolbarView/toolbarView.entitlements;
				CODE_SIGN_STYLE = Automatic;
				COMBINE_HIDPI_IMAGES = YES;
				CURRENT_PROJECT_VERSION = 1;
				DEVELOPMENT_ASSET_PATHS = "\"toolbarView/Preview Content\"";
				ENABLE_PREVIEWS = YES;
				GENERATE_INFOPLIST_FILE = YES;
				INFOPLIST_KEY_NSHumanReadableCopyright = "";
				LD_RUNPATH_SEARCH_PATHS = (
					"$(inherited)",
					"@executable_path/../Frameworks",
				);
				MACOSX_DEPLOYMENT_TARGET = 14.0;
				MARKETING_VERSION = 1.0;
				PRODUCT_BUNDLE_IDENTIFIER = falsy.toolbarView;
				PRODUCT_NAME = "$(TARGET_NAME)";
				SWIFT_EMIT_LOC_STRINGS = YES;
				SWIFT_VERSION = 5.0;
			};
			name = Debug;
		};
		A196371F2CE7B8B6001F5030 /* Release */ = {
			isa = XCBuildConfiguration;
			buildSettings = {
				ASSETCATALOG_COMPILER_APPICON_NAME = AppIcon;
				ASSETCATALOG_COMPILER_GLOBAL_ACCENT_COLOR_NAME = AccentColor;
				CODE_SIGN_ENTITLEMENTS = toolbarView/toolbarView.entitlements;
				CODE_SIGN_STYLE = Automatic;
				COMBINE_HIDPI_IMAGES = YES;
				CURRENT_PROJECT_VERSION = 1;
				DEVELOPMENT_ASSET_PATHS = "\"toolbarView/Preview Content\"";
				ENABLE_PREVIEWS = YES;
				GENERATE_INFOPLIST_FILE = YES;
				INFOPLIST_KEY_NSHumanReadableCopyright = "";
				LD_RUNPATH_SEARCH_PATHS = (
					"$(inherited)",
					"@executable_path/../Frameworks",
				);
				MACOSX_DEPLOYMENT_TARGET = 14.0;
				MARKETING_VERSION = 1.0;
				PRODUCT_BUNDLE_IDENTIFIER = falsy.toolbarView;
				PRODUCT_NAME = "$(TARGET_NAME)";
				SWIFT_EMIT_LOC_STRINGS = YES;
				SWIFT_VERSION = 5.0;
			};
			name = Release;
		};
		A19637212CE7B8B6001F5030 /* Debug */ = {
			isa = XCBuildConfiguration;
			buildSettings = {
				BUNDLE_LOADER = "$(TEST_HOST)";
				CODE_SIGN_STYLE = Automatic;
				CURRENT_PROJECT_VERSION = 1;
				GENERATE_INFOPLIST_FILE = YES;
				MACOSX_DEPLOYMENT_TARGET = 14.0;
				MARKETING_VERSION = 1.0;
				PRODUCT_BUNDLE_IDENTIFIER = falsy.toolbarViewTests;
				PRODUCT_NAME = "$(TARGET_NAME)";
				SWIFT_EMIT_LOC_STRINGS = NO;
				SWIFT_VERSION = 5.0;
				TEST_HOST = "$(BUILT_PRODUCTS_DIR)/toolbarView.app/$(BUNDLE_EXECUTABLE_FOLDER_PATH)/toolbarView";
			};
			name = Debug;
		};
		A19637222CE7B8B6001F5030 /* Release */ = {
			isa = XCBuildConfiguration;
			buildSettings = {
				BUNDLE_LOADER = "$(TEST_HOST)";
				CODE_SIGN_STYLE = Automatic;
				CURRENT_PROJECT_VERSION = 1;
				GENERATE_INFOPLIST_FILE = YES;
				MACOSX_DEPLOYMENT_TARGET = 14.0;
				MARKETING_VERSION = 1.0;
				PRODUCT_BUNDLE_IDENTIFIER = falsy.toolbarViewTests;
				PRODUCT_NAME = "$(TARGET_NAME)";
				SWIFT_EMIT_LOC_STRINGS = NO;
				SWIFT_VERSION = 5.0;
				TEST_HOST = "$(BUILT_PRODUCTS_DIR)/toolbarView.app/$(BUNDLE_EXECUTABLE_FOLDER_PATH)/toolbarView";
			};
			name = Release;
		};
		A19637242CE7B8B6001F5030 /* Debug */ = {
			isa = XCBuildConfiguration;
			buildSettings = {
				CODE_SIGN_STYLE = Automatic;
				CURRENT_PROJECT_VERSION = 1;
				GENERATE_INFOPLIST_FILE = YES;
				MARKETING_VERSION = 1.0;
				PRODUCT_BUNDLE_IDENTIFIER = falsy.toolbarViewUITests;
				PRODUCT_NAME = "$(TARGET_NAME)";
				SWIFT_EMIT_LOC_STRINGS = NO;
				SWIFT_VERSION = 5.0;
				TEST_TARGET_NAME = toolbarView;
			};
			name = Debug;
		};
		A19637252CE7B8B6001F5030 /* Release */ = {
			isa = XCBuildConfiguration;
			buildSettings = {
				CODE_SIGN_STYLE = Automatic;
				CURRENT_PROJECT_VERSION = 1;
				GENERATE_INFOPLIST_FILE = YES;
				MARKETING_VERSION = 1.0;
				PRODUCT_BUNDLE_IDENTIFIER = falsy.toolbarViewUITests;
				PRODUCT_NAME = "$(TARGET_NAME)";
				SWIFT_EMIT_LOC_STRINGS = NO;
				SWIFT_VERSION = 5.0;
				TEST_TARGET_NAME = toolbarView;
			};
			name = Release;
		};
/* End XCBuildConfiguration section */

/* Begin XCConfigurationList section */
		A19636F12CE7B8B5001F5030 /* Build configuration list for PBXProject "toolbarView" */ = {
			isa = XCConfigurationList;
			buildConfigurations = (
				A196371B2CE7B8B6001F5030 /* Debug */,
				A196371C2CE7B8B6001F5030 /* Release */,
			);
			defaultConfigurationIsVisible = 0;
			defaultConfigurationName = Release;
		};
		A196371D2CE7B8B6001F5030 /* Build configuration list for PBXNativeTarget "toolbarView" */ = {
			isa = XCConfigurationList;
			buildConfigurations = (
				A196371E2CE7B8B6001F5030 /* Debug */,
				A196371F2CE7B8B6001F5030 /* Release */,
			);
			defaultConfigurationIsVisible = 0;
			defaultConfigurationName = Release;
		};
		A19637202CE7B8B6001F5030 /* Build configuration list for PBXNativeTarget "toolbarViewTests" */ = {
			isa = XCConfigurationList;
			buildConfigurations = (
				A19637212CE7B8B6001F5030 /* Debug */,
				A19637222CE7B8B6001F5030 /* Release */,
			);
			defaultConfigurationIsVisible = 0;
			defaultConfigurationName = Release;
		};
		A19637232CE7B8B6001F5030 /* Build configuration list for PBXNativeTarget "toolbarViewUITests" */ = {
			isa = XCConfigurationList;
			buildConfigurations = (
				A19637242CE7B8B6001F5030 /* Debug */,
				A19637252CE7B8B6001F5030 /* Release */,
			);
			defaultConfigurationIsVisible = 0;
			defaultConfigurationName = Release;
		};
/* End XCConfigurationList section */
	};
	rootObject = A19636EE2CE7B8B5001F5030 /* Project object */;
}
