# This file is generated by running "yarn install" inside your project.
# Manual changes might be lost - proceed with caution!

__metadata:
  version: 8
  cacheKey: 10c0

"@emnapi/runtime@npm:^1.4.0":
  version: 1.4.0
  resolution: "@emnapi/runtime@npm:1.4.0"
  dependencies:
    tslib: "npm:^2.4.0"
  checksum: 10c0/9c57c0fd6af62bec771bdbe7615571a484656f5c73758e7766ffb5b7f42c6877128a7d0dc84b12e0aee40f5113fddb309a65d1b3128d57a9db79f963cb327ffe
  languageName: node
  linkType: hard

"@img/sharp-darwin-arm64@npm:0.34.1":
  version: 0.34.1
  resolution: "@img/sharp-darwin-arm64@npm:0.34.1"
  dependencies:
    "@img/sharp-libvips-darwin-arm64": "npm:1.1.0"
  dependenciesMeta:
    "@img/sharp-libvips-darwin-arm64":
      optional: true
  conditions: os=darwin & cpu=arm64
  languageName: node
  linkType: hard

"@img/sharp-darwin-x64@npm:0.34.1":
  version: 0.34.1
  resolution: "@img/sharp-darwin-x64@npm:0.34.1"
  dependencies:
    "@img/sharp-libvips-darwin-x64": "npm:1.1.0"
  dependenciesMeta:
    "@img/sharp-libvips-darwin-x64":
      optional: true
  conditions: os=darwin & cpu=x64
  languageName: node
  linkType: hard

"@img/sharp-libvips-darwin-arm64@npm:1.1.0":
  version: 1.1.0
  resolution: "@img/sharp-libvips-darwin-arm64@npm:1.1.0"
  conditions: os=darwin & cpu=arm64
  languageName: node
  linkType: hard

"@img/sharp-libvips-darwin-x64@npm:1.1.0":
  version: 1.1.0
  resolution: "@img/sharp-libvips-darwin-x64@npm:1.1.0"
  conditions: os=darwin & cpu=x64
  languageName: node
  linkType: hard

"@img/sharp-libvips-linux-arm64@npm:1.1.0":
  version: 1.1.0
  resolution: "@img/sharp-libvips-linux-arm64@npm:1.1.0"
  conditions: os=linux & cpu=arm64 & libc=glibc
  languageName: node
  linkType: hard

"@img/sharp-libvips-linux-arm@npm:1.1.0":
  version: 1.1.0
  resolution: "@img/sharp-libvips-linux-arm@npm:1.1.0"
  conditions: os=linux & cpu=arm & libc=glibc
  languageName: node
  linkType: hard

"@img/sharp-libvips-linux-ppc64@npm:1.1.0":
  version: 1.1.0
  resolution: "@img/sharp-libvips-linux-ppc64@npm:1.1.0"
  conditions: os=linux & cpu=ppc64 & libc=glibc
  languageName: node
  linkType: hard

"@img/sharp-libvips-linux-s390x@npm:1.1.0":
  version: 1.1.0
  resolution: "@img/sharp-libvips-linux-s390x@npm:1.1.0"
  conditions: os=linux & cpu=s390x & libc=glibc
  languageName: node
  linkType: hard

"@img/sharp-libvips-linux-x64@npm:1.1.0":
  version: 1.1.0
  resolution: "@img/sharp-libvips-linux-x64@npm:1.1.0"
  conditions: os=linux & cpu=x64 & libc=glibc
  languageName: node
  linkType: hard

"@img/sharp-libvips-linuxmusl-arm64@npm:1.1.0":
  version: 1.1.0
  resolution: "@img/sharp-libvips-linuxmusl-arm64@npm:1.1.0"
  conditions: os=linux & cpu=arm64 & libc=musl
  languageName: node
  linkType: hard

"@img/sharp-libvips-linuxmusl-x64@npm:1.1.0":
  version: 1.1.0
  resolution: "@img/sharp-libvips-linuxmusl-x64@npm:1.1.0"
  conditions: os=linux & cpu=x64 & libc=musl
  languageName: node
  linkType: hard

"@img/sharp-linux-arm64@npm:0.34.1":
  version: 0.34.1
  resolution: "@img/sharp-linux-arm64@npm:0.34.1"
  dependencies:
    "@img/sharp-libvips-linux-arm64": "npm:1.1.0"
  dependenciesMeta:
    "@img/sharp-libvips-linux-arm64":
      optional: true
  conditions: os=linux & cpu=arm64 & libc=glibc
  languageName: node
  linkType: hard

"@img/sharp-linux-arm@npm:0.34.1":
  version: 0.34.1
  resolution: "@img/sharp-linux-arm@npm:0.34.1"
  dependencies:
    "@img/sharp-libvips-linux-arm": "npm:1.1.0"
  dependenciesMeta:
    "@img/sharp-libvips-linux-arm":
      optional: true
  conditions: os=linux & cpu=arm & libc=glibc
  languageName: node
  linkType: hard

"@img/sharp-linux-s390x@npm:0.34.1":
  version: 0.34.1
  resolution: "@img/sharp-linux-s390x@npm:0.34.1"
  dependencies:
    "@img/sharp-libvips-linux-s390x": "npm:1.1.0"
  dependenciesMeta:
    "@img/sharp-libvips-linux-s390x":
      optional: true
  conditions: os=linux & cpu=s390x & libc=glibc
  languageName: node
  linkType: hard

"@img/sharp-linux-x64@npm:0.34.1":
  version: 0.34.1
  resolution: "@img/sharp-linux-x64@npm:0.34.1"
  dependencies:
    "@img/sharp-libvips-linux-x64": "npm:1.1.0"
  dependenciesMeta:
    "@img/sharp-libvips-linux-x64":
      optional: true
  conditions: os=linux & cpu=x64 & libc=glibc
  languageName: node
  linkType: hard

"@img/sharp-linuxmusl-arm64@npm:0.34.1":
  version: 0.34.1
  resolution: "@img/sharp-linuxmusl-arm64@npm:0.34.1"
  dependencies:
    "@img/sharp-libvips-linuxmusl-arm64": "npm:1.1.0"
  dependenciesMeta:
    "@img/sharp-libvips-linuxmusl-arm64":
      optional: true
  conditions: os=linux & cpu=arm64 & libc=musl
  languageName: node
  linkType: hard

"@img/sharp-linuxmusl-x64@npm:0.34.1":
  version: 0.34.1
  resolution: "@img/sharp-linuxmusl-x64@npm:0.34.1"
  dependencies:
    "@img/sharp-libvips-linuxmusl-x64": "npm:1.1.0"
  dependenciesMeta:
    "@img/sharp-libvips-linuxmusl-x64":
      optional: true
  conditions: os=linux & cpu=x64 & libc=musl
  languageName: node
  linkType: hard

"@img/sharp-wasm32@npm:0.34.1":
  version: 0.34.1
  resolution: "@img/sharp-wasm32@npm:0.34.1"
  dependencies:
    "@emnapi/runtime": "npm:^1.4.0"
  conditions: cpu=wasm32
  languageName: node
  linkType: hard

"@img/sharp-win32-ia32@npm:0.34.1":
  version: 0.34.1
  resolution: "@img/sharp-win32-ia32@npm:0.34.1"
  conditions: os=win32 & cpu=ia32
  languageName: node
  linkType: hard

"@img/sharp-win32-x64@npm:0.34.1":
  version: 0.34.1
  resolution: "@img/sharp-win32-x64@npm:0.34.1"
  conditions: os=win32 & cpu=x64
  languageName: node
  linkType: hard

"@next/env@npm:15.3.4":
  version: 15.3.4
  resolution: "@next/env@npm:15.3.4"
  checksum: 10c0/43d37896e1422c9c353d9ded1d1b01545aa30b2bb125bcc40ffd4474dbc6e0ba603a77fc2a598616964a925379bb5a39eb1a242f0c49fc933e39e099fb2f7d75
  languageName: node
  linkType: hard

"@next/swc-darwin-arm64@npm:15.3.4":
  version: 15.3.4
  resolution: "@next/swc-darwin-arm64@npm:15.3.4"
  conditions: os=darwin & cpu=arm64
  languageName: node
  linkType: hard

"@next/swc-darwin-x64@npm:15.3.4":
  version: 15.3.4
  resolution: "@next/swc-darwin-x64@npm:15.3.4"
  conditions: os=darwin & cpu=x64
  languageName: node
  linkType: hard

"@next/swc-linux-arm64-gnu@npm:15.3.4":
  version: 15.3.4
  resolution: "@next/swc-linux-arm64-gnu@npm:15.3.4"
  conditions: os=linux & cpu=arm64 & libc=glibc
  languageName: node
  linkType: hard

"@next/swc-linux-arm64-musl@npm:15.3.4":
  version: 15.3.4
  resolution: "@next/swc-linux-arm64-musl@npm:15.3.4"
  conditions: os=linux & cpu=arm64 & libc=musl
  languageName: node
  linkType: hard

"@next/swc-linux-x64-gnu@npm:15.3.4":
  version: 15.3.4
  resolution: "@next/swc-linux-x64-gnu@npm:15.3.4"
  conditions: os=linux & cpu=x64 & libc=glibc
  languageName: node
  linkType: hard

"@next/swc-linux-x64-musl@npm:15.3.4":
  version: 15.3.4
  resolution: "@next/swc-linux-x64-musl@npm:15.3.4"
  conditions: os=linux & cpu=x64 & libc=musl
  languageName: node
  linkType: hard

"@next/swc-win32-arm64-msvc@npm:15.3.4":
  version: 15.3.4
  resolution: "@next/swc-win32-arm64-msvc@npm:15.3.4"
  conditions: os=win32 & cpu=arm64
  languageName: node
  linkType: hard

"@next/swc-win32-x64-msvc@npm:15.3.4":
  version: 15.3.4
  resolution: "@next/swc-win32-x64-msvc@npm:15.3.4"
  conditions: os=win32 & cpu=x64
  languageName: node
  linkType: hard

"@swc/counter@npm:0.1.3":
  version: 0.1.3
  resolution: "@swc/counter@npm:0.1.3"
  checksum: 10c0/8424f60f6bf8694cfd2a9bca45845bce29f26105cda8cf19cdb9fd3e78dc6338699e4db77a89ae449260bafa1cc6bec307e81e7fb96dbf7dcfce0eea55151356
  languageName: node
  linkType: hard

"@swc/helpers@npm:0.5.15":
  version: 0.5.15
  resolution: "@swc/helpers@npm:0.5.15"
  dependencies:
    tslib: "npm:^2.8.0"
  checksum: 10c0/33002f74f6f885f04c132960835fdfc474186983ea567606db62e86acd0680ca82f34647e8e610f4e1e422d1c16fce729dde22cd3b797ab1fd9061a825dabca4
  languageName: node
  linkType: hard

"busboy@npm:1.6.0":
  version: 1.6.0
  resolution: "busboy@npm:1.6.0"
  dependencies:
    streamsearch: "npm:^1.1.0"
  checksum: 10c0/fa7e836a2b82699b6e074393428b91ae579d4f9e21f5ac468e1b459a244341d722d2d22d10920cdd849743dbece6dca11d72de939fb75a7448825cf2babfba1f
  languageName: node
  linkType: hard

"caniuse-lite@npm:^1.0.30001579":
  version: 1.0.30001680
  resolution: "caniuse-lite@npm:1.0.30001680"
  checksum: 10c0/11a4e7f6f5d5f965cfd4b7dc4aef34e12a26e99647f02b5ac9fd7f7670845473b95ada416a785473237e4b1b67281f7b043c8736c85b77097f6b697e8950b15f
  languageName: node
  linkType: hard

"client-only@npm:0.0.1":
  version: 0.0.1
  resolution: "client-only@npm:0.0.1"
  checksum: 10c0/9d6cfd0c19e1c96a434605added99dff48482152af791ec4172fb912a71cff9027ff174efd8cdb2160cc7f377543e0537ffc462d4f279bc4701de3f2a3c4b358
  languageName: node
  linkType: hard

"color-convert@npm:^2.0.1":
  version: 2.0.1
  resolution: "color-convert@npm:2.0.1"
  dependencies:
    color-name: "npm:~1.1.4"
  checksum: 10c0/37e1150172f2e311fe1b2df62c6293a342ee7380da7b9cfdba67ea539909afbd74da27033208d01d6d5cfc65ee7868a22e18d7e7648e004425441c0f8a15a7d7
  languageName: node
  linkType: hard

"color-name@npm:^1.0.0, color-name@npm:~1.1.4":
  version: 1.1.4
  resolution: "color-name@npm:1.1.4"
  checksum: 10c0/a1a3f914156960902f46f7f56bc62effc6c94e84b2cae157a526b1c1f74b677a47ec602bf68a61abfa2b42d15b7c5651c6dbe72a43af720bc588dff885b10f95
  languageName: node
  linkType: hard

"color-string@npm:^1.9.0":
  version: 1.9.1
  resolution: "color-string@npm:1.9.1"
  dependencies:
    color-name: "npm:^1.0.0"
    simple-swizzle: "npm:^0.2.2"
  checksum: 10c0/b0bfd74c03b1f837f543898b512f5ea353f71630ccdd0d66f83028d1f0924a7d4272deb278b9aef376cacf1289b522ac3fb175e99895283645a2dc3a33af2404
  languageName: node
  linkType: hard

"color@npm:^4.2.3":
  version: 4.2.3
  resolution: "color@npm:4.2.3"
  dependencies:
    color-convert: "npm:^2.0.1"
    color-string: "npm:^1.9.0"
  checksum: 10c0/7fbe7cfb811054c808349de19fb380252e5e34e61d7d168ec3353e9e9aacb1802674bddc657682e4e9730c2786592a4de6f8283e7e0d3870b829bb0b7b2f6118
  languageName: node
  linkType: hard

"detect-libc@npm:^2.0.3":
  version: 2.0.3
  resolution: "detect-libc@npm:2.0.3"
  checksum: 10c0/88095bda8f90220c95f162bf92cad70bd0e424913e655c20578600e35b91edc261af27531cf160a331e185c0ced93944bc7e09939143225f56312d7fd800fdb7
  languageName: node
  linkType: hard

"is-arrayish@npm:^0.3.1":
  version: 0.3.2
  resolution: "is-arrayish@npm:0.3.2"
  checksum: 10c0/f59b43dc1d129edb6f0e282595e56477f98c40278a2acdc8b0a5c57097c9eff8fe55470493df5775478cf32a4dc8eaf6d3a749f07ceee5bc263a78b2434f6a54
  languageName: node
  linkType: hard

"nanoid@npm:^3.3.6":
  version: 3.3.8
  resolution: "nanoid@npm:3.3.8"
  bin:
    nanoid: bin/nanoid.cjs
  checksum: 10c0/4b1bb29f6cfebf3be3bc4ad1f1296fb0a10a3043a79f34fbffe75d1621b4318319211cd420549459018ea3592f0d2f159247a6f874911d6d26eaaadda2478120
  languageName: node
  linkType: hard

"next@npm:^15.3.3":
  version: 15.3.4
  resolution: "next@npm:15.3.4"
  dependencies:
    "@next/env": "npm:15.3.4"
    "@next/swc-darwin-arm64": "npm:15.3.4"
    "@next/swc-darwin-x64": "npm:15.3.4"
    "@next/swc-linux-arm64-gnu": "npm:15.3.4"
    "@next/swc-linux-arm64-musl": "npm:15.3.4"
    "@next/swc-linux-x64-gnu": "npm:15.3.4"
    "@next/swc-linux-x64-musl": "npm:15.3.4"
    "@next/swc-win32-arm64-msvc": "npm:15.3.4"
    "@next/swc-win32-x64-msvc": "npm:15.3.4"
    "@swc/counter": "npm:0.1.3"
    "@swc/helpers": "npm:0.5.15"
    busboy: "npm:1.6.0"
    caniuse-lite: "npm:^1.0.30001579"
    postcss: "npm:8.4.31"
    sharp: "npm:^0.34.1"
    styled-jsx: "npm:5.1.6"
  peerDependencies:
    "@opentelemetry/api": ^1.1.0
    "@playwright/test": ^1.41.2
    babel-plugin-react-compiler: "*"
    react: ^18.2.0 || 19.0.0-rc-de68d2f4-20241204 || ^19.0.0
    react-dom: ^18.2.0 || 19.0.0-rc-de68d2f4-20241204 || ^19.0.0
    sass: ^1.3.0
  dependenciesMeta:
    "@next/swc-darwin-arm64":
      optional: true
    "@next/swc-darwin-x64":
      optional: true
    "@next/swc-linux-arm64-gnu":
      optional: true
    "@next/swc-linux-arm64-musl":
      optional: true
    "@next/swc-linux-x64-gnu":
      optional: true
    "@next/swc-linux-x64-musl":
      optional: true
    "@next/swc-win32-arm64-msvc":
      optional: true
    "@next/swc-win32-x64-msvc":
      optional: true
    sharp:
      optional: true
  peerDependenciesMeta:
    "@opentelemetry/api":
      optional: true
    "@playwright/test":
      optional: true
    babel-plugin-react-compiler:
      optional: true
    sass:
      optional: true
  bin:
    next: dist/bin/next
  checksum: 10c0/52d3fba6f53d5d2a339cbde433ab360301e9a0a0d9b95a656bf29ce1af43f02e9cc32571d5d4095bcb8ab7a795207d6e75c64b33fc1f90d21f2f9b157cc9a503
  languageName: node
  linkType: hard

"nextjs-by-version@workspace:.":
  version: 0.0.0-use.local
  resolution: "nextjs-by-version@workspace:."
  dependencies:
    next: "npm:^15.3.3"
    react: "npm:19.0.0-rc-ed15d500-20241110"
    react-dom: "npm:19.0.0-rc-ed15d500-20241110"
  languageName: unknown
  linkType: soft

"picocolors@npm:^1.0.0":
  version: 1.1.1
  resolution: "picocolors@npm:1.1.1"
  checksum: 10c0/e2e3e8170ab9d7c7421969adaa7e1b31434f789afb9b3f115f6b96d91945041ac3ceb02e9ec6fe6510ff036bcc0bf91e69a1772edc0b707e12b19c0f2d6bcf58
  languageName: node
  linkType: hard

"postcss@npm:8.4.31":
  version: 8.4.31
  resolution: "postcss@npm:8.4.31"
  dependencies:
    nanoid: "npm:^3.3.6"
    picocolors: "npm:^1.0.0"
    source-map-js: "npm:^1.0.2"
  checksum: 10c0/748b82e6e5fc34034dcf2ae88ea3d11fd09f69b6c50ecdd3b4a875cfc7cdca435c958b211e2cb52355422ab6fccb7d8f2f2923161d7a1b281029e4a913d59acf
  languageName: node
  linkType: hard

"react-dom@npm:19.0.0-rc-ed15d500-20241110":
  version: 19.0.0-rc-ed15d500-20241110
  resolution: "react-dom@npm:19.0.0-rc-ed15d500-20241110"
  dependencies:
    scheduler: "npm:0.25.0-rc-ed15d500-20241110"
  peerDependencies:
    react: 19.0.0-rc-ed15d500-20241110
  checksum: 10c0/2b600d4c717e09f05beb5d89ba6d652eaa8fd48d96fbbe3d180b4841191d1d36cd428697c953ad16afe02e6b5467357fdf242cda2325daabb966c908083e31a5
  languageName: node
  linkType: hard

"react@npm:19.0.0-rc-ed15d500-20241110":
  version: 19.0.0-rc-ed15d500-20241110
  resolution: "react@npm:19.0.0-rc-ed15d500-20241110"
  checksum: 10c0/0e7b395e4da5a4fd4930f893844e148dd6e98f857387aabfa40f15e46f0e167a2cb737a6ab100601c27831d89a25e518c5c484f13d352af7af49f8eee699a593
  languageName: node
  linkType: hard

"scheduler@npm:0.25.0-rc-ed15d500-20241110":
  version: 0.25.0-rc-ed15d500-20241110
  resolution: "scheduler@npm:0.25.0-rc-ed15d500-20241110"
  checksum: 10c0/f294ea9cef4e527e4f46358a2daea825e6f9ac20ec5edd46da2b01c5a47b42ffe9a197844f16d2ba6f01d943ad1b218360f42e26c6ead2d44efb34c51355f77c
  languageName: node
  linkType: hard

"semver@npm:^7.7.1":
  version: 7.7.1
  resolution: "semver@npm:7.7.1"
  bin:
    semver: bin/semver.js
  checksum: 10c0/fd603a6fb9c399c6054015433051bdbe7b99a940a8fb44b85c2b524c4004b023d7928d47cb22154f8d054ea7ee8597f586605e05b52047f048278e4ac56ae958
  languageName: node
  linkType: hard

"sharp@npm:^0.34.1":
  version: 0.34.1
  resolution: "sharp@npm:0.34.1"
  dependencies:
    "@img/sharp-darwin-arm64": "npm:0.34.1"
    "@img/sharp-darwin-x64": "npm:0.34.1"
    "@img/sharp-libvips-darwin-arm64": "npm:1.1.0"
    "@img/sharp-libvips-darwin-x64": "npm:1.1.0"
    "@img/sharp-libvips-linux-arm": "npm:1.1.0"
    "@img/sharp-libvips-linux-arm64": "npm:1.1.0"
    "@img/sharp-libvips-linux-ppc64": "npm:1.1.0"
    "@img/sharp-libvips-linux-s390x": "npm:1.1.0"
    "@img/sharp-libvips-linux-x64": "npm:1.1.0"
    "@img/sharp-libvips-linuxmusl-arm64": "npm:1.1.0"
    "@img/sharp-libvips-linuxmusl-x64": "npm:1.1.0"
    "@img/sharp-linux-arm": "npm:0.34.1"
    "@img/sharp-linux-arm64": "npm:0.34.1"
    "@img/sharp-linux-s390x": "npm:0.34.1"
    "@img/sharp-linux-x64": "npm:0.34.1"
    "@img/sharp-linuxmusl-arm64": "npm:0.34.1"
    "@img/sharp-linuxmusl-x64": "npm:0.34.1"
    "@img/sharp-wasm32": "npm:0.34.1"
    "@img/sharp-win32-ia32": "npm:0.34.1"
    "@img/sharp-win32-x64": "npm:0.34.1"
    color: "npm:^4.2.3"
    detect-libc: "npm:^2.0.3"
    semver: "npm:^7.7.1"
  dependenciesMeta:
    "@img/sharp-darwin-arm64":
      optional: true
    "@img/sharp-darwin-x64":
      optional: true
    "@img/sharp-libvips-darwin-arm64":
      optional: true
    "@img/sharp-libvips-darwin-x64":
      optional: true
    "@img/sharp-libvips-linux-arm":
      optional: true
    "@img/sharp-libvips-linux-arm64":
      optional: true
    "@img/sharp-libvips-linux-ppc64":
      optional: true
    "@img/sharp-libvips-linux-s390x":
      optional: true
    "@img/sharp-libvips-linux-x64":
      optional: true
    "@img/sharp-libvips-linuxmusl-arm64":
      optional: true
    "@img/sharp-libvips-linuxmusl-x64":
      optional: true
    "@img/sharp-linux-arm":
      optional: true
    "@img/sharp-linux-arm64":
      optional: true
    "@img/sharp-linux-s390x":
      optional: true
    "@img/sharp-linux-x64":
      optional: true
    "@img/sharp-linuxmusl-arm64":
      optional: true
    "@img/sharp-linuxmusl-x64":
      optional: true
    "@img/sharp-wasm32":
      optional: true
    "@img/sharp-win32-ia32":
      optional: true
    "@img/sharp-win32-x64":
      optional: true
  checksum: 10c0/50f5ffb18a775ec9f0d4d39bdc4356fdfa1fc97e69d8800d68e960b93b1c0cce7ee5242225d3b86ffae5801890fd7f93acfee00018f247e7df70fee2b4de7945
  languageName: node
  linkType: hard

"simple-swizzle@npm:^0.2.2":
  version: 0.2.2
  resolution: "simple-swizzle@npm:0.2.2"
  dependencies:
    is-arrayish: "npm:^0.3.1"
  checksum: 10c0/df5e4662a8c750bdba69af4e8263c5d96fe4cd0f9fe4bdfa3cbdeb45d2e869dff640beaaeb1ef0e99db4d8d2ec92f85508c269f50c972174851bc1ae5bd64308
  languageName: node
  linkType: hard

"source-map-js@npm:^1.0.2":
  version: 1.2.1
  resolution: "source-map-js@npm:1.2.1"
  checksum: 10c0/7bda1fc4c197e3c6ff17de1b8b2c20e60af81b63a52cb32ec5a5d67a20a7d42651e2cb34ebe93833c5a2a084377e17455854fee3e21e7925c64a51b6a52b0faf
  languageName: node
  linkType: hard

"streamsearch@npm:^1.1.0":
  version: 1.1.0
  resolution: "streamsearch@npm:1.1.0"
  checksum: 10c0/fbd9aecc2621364384d157f7e59426f4bfd385e8b424b5aaa79c83a6f5a1c8fd2e4e3289e95de1eb3511cb96bb333d6281a9919fafce760e4edb35b2cd2facab
  languageName: node
  linkType: hard

"styled-jsx@npm:5.1.6":
  version: 5.1.6
  resolution: "styled-jsx@npm:5.1.6"
  dependencies:
    client-only: "npm:0.0.1"
  peerDependencies:
    react: ">= 16.8.0 || 17.x.x || ^18.0.0-0 || ^19.0.0-0"
  peerDependenciesMeta:
    "@babel/core":
      optional: true
    babel-plugin-macros:
      optional: true
  checksum: 10c0/ace50e7ea5ae5ae6a3b65a50994c51fca6ae7df9c7ecfd0104c36be0b4b3a9c5c1a2374d16e2a11e256d0b20be6d47256d768ecb4f91ab390f60752a075780f5
  languageName: node
  linkType: hard

"tslib@npm:^2.4.0, tslib@npm:^2.8.0":
  version: 2.8.1
  resolution: "tslib@npm:2.8.1"
  checksum: 10c0/9c4759110a19c53f992d9aae23aac5ced636e99887b51b9e61def52611732872ff7668757d4e4c61f19691e36f4da981cd9485e869b4a7408d689f6bf1f14e62
  languageName: node
  linkType: hard
